
Microsoft Visual Studio Solution File, Format Version 12.00
# Visual Studio Version 16
VisualStudioVersion = 16.0.30011.22
MinimumVisualStudioVersion = 10.0.40219.1
Project("{8BC9CEB8-8B4A-11D0-8D11-00A0C91BC942}") = "Streaming", "Streaming.vcxproj", "{B9062420-4E27-4508-A350-817B8D0290F6}"
EndProject
Global
	GlobalSection(SolutionConfigurationPlatforms) = preSolution
		Debug|x64 = Debug|x64
		Debug|x86 = Debug|x86
		Release|x64 = Release|x64
		Release|x86 = Release|x86
	EndGlobalSection
	GlobalSection(ProjectConfigurationPlatforms) = postSolution
		{B9062420-4E27-4508-A350-817B8D0290F6}.Debug|x64.ActiveCfg = Debug|x64
		{B9062420-4E27-4508-A350-817B8D0290F6}.Debug|x64.Build.0 = Debug|x64
		{B9062420-4E27-4508-A350-817B8D0290F6}.Debug|x86.ActiveCfg = Debug|Win32
		{B9062420-4E27-4508-A350-817B8D0290F6}.Debug|x86.Build.0 = Debug|Win32
		{B9062420-4E27-4508-A350-817B8D0290F6}.Release|x64.ActiveCfg = Release|x64
		{B9062420-4E27-4508-A350-817B8D0290F6}.Release|x64.Build.0 = Release|x64
		{B9062420-4E27-4508-A350-817B8D0290F6}.Release|x86.ActiveCfg = Release|Win32
		{B9062420-4E27-4508-A350-817B8D0290F6}.Release|x86.Build.0 = Release|Win32
	EndGlobalSection
	GlobalSection(SolutionProperties) = preSolution
		HideSolutionNode = FALSE
	EndGlobalSection
	GlobalSection(ExtensibilityGlobals) = postSolution
		SolutionGuid = {6575DB3D-0A0F-4683-B749-8AF15BDD8B69}
	EndGlobalSection
EndGlobal
